
Microsoft Visual Studio Solution File, Format Version 12.00
# Visual Studio Version 16
VisualStudioVersion = 16.0.32106.194
MinimumVisualStudioVersion = 10.0.40219.1
Project("{FAE04EC0-301F-11D3-BF4B-00C04F79EFBC}") = "17032022_AjaxMetot", "17032022_AjaxMetot\17032022_AjaxMetot.csproj", "{24BC92DE-81BD-4185-9C3C-EAED6219D398}"
EndProject
Global
	GlobalSection(SolutionConfigurationPlatforms) = preSolution
		Debug|Any CPU = Debug|Any CPU
		Release|Any CPU = Release|Any CPU
	EndGlobalSection
	GlobalSection(ProjectConfigurationPlatforms) = postSolution
		{24BC92DE-81BD-4185-9C3C-EAED6219D398}.Debug|Any CPU.ActiveCfg = Debug|Any CPU
		{24BC92DE-81BD-4185-9C3C-EAED6219D398}.Debug|Any CPU.Build.0 = Debug|Any CPU
		{24BC92DE-81BD-4185-9C3C-EAED6219D398}.Release|Any CPU.ActiveCfg = Release|Any CPU
		{24BC92DE-81BD-4185-9C3C-EAED6219D398}.Release|Any CPU.Build.0 = Release|Any CPU
	EndGlobalSection
	GlobalSection(SolutionProperties) = preSolution
		HideSolutionNode = FALSE
	EndGlobalSection
	GlobalSection(ExtensibilityGlobals) = postSolution
		SolutionGuid = {61A71D83-701F-4321-B7A6-59F6FB28F57A}
	EndGlobalSection
EndGlobal
